
Microsoft Visual Studio Solution File, Format Version 12.00
# Visual Studio Version 16
VisualStudioVersion = 16.0.30104.148
MinimumVisualStudioVersion = 10.0.40219.1
Project("{FAE04EC0-301F-11D3-BF4B-00C04F79EFBC}") = "application", "application.csproj", "{C96EFFAE-33F6-4D15-A760-8A68DCA6639E}"
EndProject
Global
	GlobalSection(SolutionConfigurationPlatforms) = preSolution
		Debug|Any CPU = Debug|Any CPU
		Release|Any CPU = Release|Any CPU
	EndGlobalSection
	GlobalSection(ProjectConfigurationPlatforms) = postSolution
		{C96EFFAE-33F6-4D15-A760-8A68DCA6639E}.Debug|Any CPU.ActiveCfg = Debug|Any CPU
		{C96EFFAE-33F6-4D15-A760-8A68DCA6639E}.Debug|Any CPU.Build.0 = Debug|Any CPU
		{C96EFFAE-33F6-4D15-A760-8A68DCA6639E}.Release|Any CPU.ActiveCfg = Release|Any CPU
		{C96EFFAE-33F6-4D15-A760-8A68DCA6639E}.Release|Any CPU.Build.0 = Release|Any CPU
	EndGlobalSection
	GlobalSection(SolutionProperties) = preSolution
		HideSolutionNode = FALSE
	EndGlobalSection
	GlobalSection(ExtensibilityGlobals) = postSolution
		SolutionGuid = {B769CEE3-5C7A-4893-BFC8-C5C959A8292A}
	EndGlobalSection
EndGlobal
